
Microsoft Visual Studio Solution File, Format Version 12.00
# Visual Studio Version 17
VisualStudioVersion = 17.0.31903.59
MinimumVisualStudioVersion = 10.0.40219.1
Project("{2150E333-8FDC-42A3-9474-1A3956D46DE8}") = "src", "src", "{827E0CD3-B72D-47B6-A68D-7590B98EB39B}"
EndProject
Project("{FAE04EC0-301F-11D3-BF4B-00C04F79EFBC}") = "SewaEverything.Domain", "src\SewaEverything.Domain\SewaEverything.Domain.csproj", "{232F50E7-EBBA-47A9-BF4D-1E14E03048AD}"
EndProject
Project("{FAE04EC0-301F-11D3-BF4B-00C04F79EFBC}") = "SewaEverything.Contracts", "src\SewaEverything.Contracts\SewaEverything.Contracts.csproj", "{9327474D-B8D1-4D43-A99D-4EA419297D72}"
EndProject
Project("{FAE04EC0-301F-11D3-BF4B-00C04F79EFBC}") = "SewaEverything.Infrastructure", "src\SewaEverything.Infrastructure\SewaEverything.Infrastructure.csproj", "{F4664183-5146-43FC-935B-83594FA915C3}"
EndProject
Project("{FAE04EC0-301F-11D3-BF4B-00C04F79EFBC}") = "SewaEverything.Api", "src\SewaEverything.Api\SewaEverything.Api.csproj", "{1C30C495-BB81-48C8-96A2-8FF4AE0F1E8A}"
EndProject
Project("{2150E333-8FDC-42A3-9474-1A3956D46DE8}") = "tests", "tests", "{0AB3BF05-4346-4AA6-1389-037BE0695223}"
EndProject
Project("{FAE04EC0-301F-11D3-BF4B-00C04F79EFBC}") = "SewaEverything.Tests", "tests\SewaEverything.Tests\SewaEverything.Tests.csproj", "{7189A16E-ABF3-47AA-9D12-B0E2F726BBEF}"
EndProject
Project("{FAE04EC0-301F-11D3-BF4B-00C04F79EFBC}") = "SewaEverything.Web", "src\SewaEverything.Web\SewaEverything.Web.csproj", "{C12B45EF-10C6-4C4C-B296-01CBC9AA3596}"
EndProject
Project("{FAE04EC0-301F-11D3-BF4B-00C04F79EFBC}") = "SewaEverything.Client", "src\SewaEverything.Client\SewaEverything.Client.csproj", "{37A0FC0A-EF39-4C56-9AB2-1FF0C7F680E8}"
EndProject
Project("{FAE04EC0-301F-11D3-BF4B-00C04F79EFBC}") = "SewaEverything.Mobile", "src\SewaEverything.Mobile\SewaEverything.Mobile.csproj", "{F2213F8C-0248-42C2-9ABA-DD04CBC60FE2}"
EndProject
Global
	GlobalSection(SolutionConfigurationPlatforms) = preSolution
		Debug|Any CPU = Debug|Any CPU
		Debug|x64 = Debug|x64
		Debug|x86 = Debug|x86
		Release|Any CPU = Release|Any CPU
		Release|x64 = Release|x64
		Release|x86 = Release|x86
	EndGlobalSection
	GlobalSection(ProjectConfigurationPlatforms) = postSolution
		{232F50E7-EBBA-47A9-BF4D-1E14E03048AD}.Debug|Any CPU.ActiveCfg = Debug|Any CPU
		{232F50E7-EBBA-47A9-BF4D-1E14E03048AD}.Debug|Any CPU.Build.0 = Debug|Any CPU
		{232F50E7-EBBA-47A9-BF4D-1E14E03048AD}.Debug|x64.ActiveCfg = Debug|Any CPU
		{232F50E7-EBBA-47A9-BF4D-1E14E03048AD}.Debug|x64.Build.0 = Debug|Any CPU
		{232F50E7-EBBA-47A9-BF4D-1E14E03048AD}.Debug|x86.ActiveCfg = Debug|Any CPU
		{232F50E7-EBBA-47A9-BF4D-1E14E03048AD}.Debug|x86.Build.0 = Debug|Any CPU
		{232F50E7-EBBA-47A9-BF4D-1E14E03048AD}.Release|Any CPU.ActiveCfg = Release|Any CPU
		{232F50E7-EBBA-47A9-BF4D-1E14E03048AD}.Release|Any CPU.Build.0 = Release|Any CPU
		{232F50E7-EBBA-47A9-BF4D-1E14E03048AD}.Release|x64.ActiveCfg = Release|Any CPU
		{232F50E7-EBBA-47A9-BF4D-1E14E03048AD}.Release|x64.Build.0 = Release|Any CPU
		{232F50E7-EBBA-47A9-BF4D-1E14E03048AD}.Release|x86.ActiveCfg = Release|Any CPU
		{232F50E7-EBBA-47A9-BF4D-1E14E03048AD}.Release|x86.Build.0 = Release|Any CPU
		{9327474D-B8D1-4D43-A99D-4EA419297D72}.Debug|Any CPU.ActiveCfg = Debug|Any CPU
		{9327474D-B8D1-4D43-A99D-4EA419297D72}.Debug|Any CPU.Build.0 = Debug|Any CPU
		{9327474D-B8D1-4D43-A99D-4EA419297D72}.Debug|x64.ActiveCfg = Debug|Any CPU
		{9327474D-B8D1-4D43-A99D-4EA419297D72}.Debug|x64.Build.0 = Debug|Any CPU
		{9327474D-B8D1-4D43-A99D-4EA419297D72}.Debug|x86.ActiveCfg = Debug|Any CPU
		{9327474D-B8D1-4D43-A99D-4EA419297D72}.Debug|x86.Build.0 = Debug|Any CPU
		{9327474D-B8D1-4D43-A99D-4EA419297D72}.Release|Any CPU.ActiveCfg = Release|Any CPU
		{9327474D-B8D1-4D43-A99D-4EA419297D72}.Release|Any CPU.Build.0 = Release|Any CPU
		{9327474D-B8D1-4D43-A99D-4EA419297D72}.Release|x64.ActiveCfg = Release|Any CPU
		{9327474D-B8D1-4D43-A99D-4EA419297D72}.Release|x64.Build.0 = Release|Any CPU
		{9327474D-B8D1-4D43-A99D-4EA419297D72}.Release|x86.ActiveCfg = Release|Any CPU
		{9327474D-B8D1-4D43-A99D-4EA419297D72}.Release|x86.Build.0 = Release|Any CPU
		{F4664183-5146-43FC-935B-83594FA915C3}.Debug|Any CPU.ActiveCfg = Debug|Any CPU
		{F4664183-5146-43FC-935B-83594FA915C3}.Debug|Any CPU.Build.0 = Debug|Any CPU
		{F4664183-5146-43FC-935B-83594FA915C3}.Debug|x64.ActiveCfg = Debug|Any CPU
		{F4664183-5146-43FC-935B-83594FA915C3}.Debug|x64.Build.0 = Debug|Any CPU
		{F4664183-5146-43FC-935B-83594FA915C3}.Debug|x86.ActiveCfg = Debug|Any CPU
		{F4664183-5146-43FC-935B-83594FA915C3}.Debug|x86.Build.0 = Debug|Any CPU
		{F4664183-5146-43FC-935B-83594FA915C3}.Release|Any CPU.ActiveCfg = Release|Any CPU
		{F4664183-5146-43FC-935B-83594FA915C3}.Release|Any CPU.Build.0 = Release|Any CPU
		{F4664183-5146-43FC-935B-83594FA915C3}.Release|x64.ActiveCfg = Release|Any CPU
		{F4664183-5146-43FC-935B-83594FA915C3}.Release|x64.Build.0 = Release|Any CPU
		{F4664183-5146-43FC-935B-83594FA915C3}.Release|x86.ActiveCfg = Release|Any CPU
		{F4664183-5146-43FC-935B-83594FA915C3}.Release|x86.Build.0 = Release|Any CPU
		{1C30C495-BB81-48C8-96A2-8FF4AE0F1E8A}.Debug|Any CPU.ActiveCfg = Debug|Any CPU
		{1C30C495-BB81-48C8-96A2-8FF4AE0F1E8A}.Debug|Any CPU.Build.0 = Debug|Any CPU
		{1C30C495-BB81-48C8-96A2-8FF4AE0F1E8A}.Debug|x64.ActiveCfg = Debug|Any CPU
		{1C30C495-BB81-48C8-96A2-8FF4AE0F1E8A}.Debug|x64.Build.0 = Debug|Any CPU
		{1C30C495-BB81-48C8-96A2-8FF4AE0F1E8A}.Debug|x86.ActiveCfg = Debug|Any CPU
		{1C30C495-BB81-48C8-96A2-8FF4AE0F1E8A}.Debug|x86.Build.0 = Debug|Any CPU
		{1C30C495-BB81-48C8-96A2-8FF4AE0F1E8A}.Release|Any CPU.ActiveCfg = Release|Any CPU
		{1C30C495-BB81-48C8-96A2-8FF4AE0F1E8A}.Release|Any CPU.Build.0 = Release|Any CPU
		{1C30C495-BB81-48C8-96A2-8FF4AE0F1E8A}.Release|x64.ActiveCfg = Release|Any CPU
		{1C30C495-BB81-48C8-96A2-8FF4AE0F1E8A}.Release|x64.Build.0 = Release|Any CPU
		{1C30C495-BB81-48C8-96A2-8FF4AE0F1E8A}.Release|x86.ActiveCfg = Release|Any CPU
		{1C30C495-BB81-48C8-96A2-8FF4AE0F1E8A}.Release|x86.Build.0 = Release|Any CPU
		{7189A16E-ABF3-47AA-9D12-B0E2F726BBEF}.Debug|Any CPU.ActiveCfg = Debug|Any CPU
		{7189A16E-ABF3-47AA-9D12-B0E2F726BBEF}.Debug|Any CPU.Build.0 = Debug|Any CPU
		{7189A16E-ABF3-47AA-9D12-B0E2F726BBEF}.Debug|x64.ActiveCfg = Debug|Any CPU
		{7189A16E-ABF3-47AA-9D12-B0E2F726BBEF}.Debug|x64.Build.0 = Debug|Any CPU
		{7189A16E-ABF3-47AA-9D12-B0E2F726BBEF}.Debug|x86.ActiveCfg = Debug|Any CPU
		{7189A16E-ABF3-47AA-9D12-B0E2F726BBEF}.Debug|x86.Build.0 = Debug|Any CPU
		{7189A16E-ABF3-47AA-9D12-B0E2F726BBEF}.Release|Any CPU.ActiveCfg = Release|Any CPU
		{7189A16E-ABF3-47AA-9D12-B0E2F726BBEF}.Release|Any CPU.Build.0 = Release|Any CPU
		{7189A16E-ABF3-47AA-9D12-B0E2F726BBEF}.Release|x64.ActiveCfg = Release|Any CPU
		{7189A16E-ABF3-47AA-9D12-B0E2F726BBEF}.Release|x64.Build.0 = Release|Any CPU
		{7189A16E-ABF3-47AA-9D12-B0E2F726BBEF}.Release|x86.ActiveCfg = Release|Any CPU
		{7189A16E-ABF3-47AA-9D12-B0E2F726BBEF}.Release|x86.Build.0 = Release|Any CPU
		{C12B45EF-10C6-4C4C-B296-01CBC9AA3596}.Debug|Any CPU.ActiveCfg = Debug|Any CPU
		{C12B45EF-10C6-4C4C-B296-01CBC9AA3596}.Debug|Any CPU.Build.0 = Debug|Any CPU
		{C12B45EF-10C6-4C4C-B296-01CBC9AA3596}.Debug|x64.ActiveCfg = Debug|Any CPU
		{C12B45EF-10C6-4C4C-B296-01CBC9AA3596}.Debug|x64.Build.0 = Debug|Any CPU
		{C12B45EF-10C6-4C4C-B296-01CBC9AA3596}.Debug|x86.ActiveCfg = Debug|Any CPU
		{C12B45EF-10C6-4C4C-B296-01CBC9AA3596}.Debug|x86.Build.0 = Debug|Any CPU
		{C12B45EF-10C6-4C4C-B296-01CBC9AA3596}.Release|Any CPU.ActiveCfg = Release|Any CPU
		{C12B45EF-10C6-4C4C-B296-01CBC9AA3596}.Release|Any CPU.Build.0 = Release|Any CPU
		{C12B45EF-10C6-4C4C-B296-01CBC9AA3596}.Release|x64.ActiveCfg = Release|Any CPU
		{C12B45EF-10C6-4C4C-B296-01CBC9AA3596}.Release|x64.Build.0 = Release|Any CPU
		{C12B45EF-10C6-4C4C-B296-01CBC9AA3596}.Release|x86.ActiveCfg = Release|Any CPU
		{C12B45EF-10C6-4C4C-B296-01CBC9AA3596}.Release|x86.Build.0 = Release|Any CPU
		{37A0FC0A-EF39-4C56-9AB2-1FF0C7F680E8}.Debug|Any CPU.ActiveCfg = Debug|Any CPU
		{37A0FC0A-EF39-4C56-9AB2-1FF0C7F680E8}.Debug|Any CPU.Build.0 = Debug|Any CPU
		{37A0FC0A-EF39-4C56-9AB2-1FF0C7F680E8}.Debug|x64.ActiveCfg = Debug|Any CPU
		{37A0FC0A-EF39-4C56-9AB2-1FF0C7F680E8}.Debug|x64.Build.0 = Debug|Any CPU
		{37A0FC0A-EF39-4C56-9AB2-1FF0C7F680E8}.Debug|x86.ActiveCfg = Debug|Any CPU
		{37A0FC0A-EF39-4C56-9AB2-1FF0C7F680E8}.Debug|x86.Build.0 = Debug|Any CPU
		{37A0FC0A-EF39-4C56-9AB2-1FF0C7F680E8}.Release|Any CPU.ActiveCfg = Release|Any CPU
		{37A0FC0A-EF39-4C56-9AB2-1FF0C7F680E8}.Release|Any CPU.Build.0 = Release|Any CPU
		{37A0FC0A-EF39-4C56-9AB2-1FF0C7F680E8}.Release|x64.ActiveCfg = Release|Any CPU
		{37A0FC0A-EF39-4C56-9AB2-1FF0C7F680E8}.Release|x64.Build.0 = Release|Any CPU
		{37A0FC0A-EF39-4C56-9AB2-1FF0C7F680E8}.Release|x86.ActiveCfg = Release|Any CPU
		{37A0FC0A-EF39-4C56-9AB2-1FF0C7F680E8}.Release|x86.Build.0 = Release|Any CPU
		{F2213F8C-0248-42C2-9ABA-DD04CBC60FE2}.Debug|Any CPU.ActiveCfg = Debug|Any CPU
		{F2213F8C-0248-42C2-9ABA-DD04CBC60FE2}.Debug|Any CPU.Build.0 = Debug|Any CPU
		{F2213F8C-0248-42C2-9ABA-DD04CBC60FE2}.Debug|x64.ActiveCfg = Debug|Any CPU
		{F2213F8C-0248-42C2-9ABA-DD04CBC60FE2}.Debug|x64.Build.0 = Debug|Any CPU
		{F2213F8C-0248-42C2-9ABA-DD04CBC60FE2}.Debug|x86.ActiveCfg = Debug|Any CPU
		{F2213F8C-0248-42C2-9ABA-DD04CBC60FE2}.Debug|x86.Build.0 = Debug|Any CPU
		{F2213F8C-0248-42C2-9ABA-DD04CBC60FE2}.Release|Any CPU.ActiveCfg = Release|Any CPU
		{F2213F8C-0248-42C2-9ABA-DD04CBC60FE2}.Release|Any CPU.Build.0 = Release|Any CPU
		{F2213F8C-0248-42C2-9ABA-DD04CBC60FE2}.Release|x64.ActiveCfg = Release|Any CPU
		{F2213F8C-0248-42C2-9ABA-DD04CBC60FE2}.Release|x64.Build.0 = Release|Any CPU
		{F2213F8C-0248-42C2-9ABA-DD04CBC60FE2}.Release|x86.ActiveCfg = Release|Any CPU
		{F2213F8C-0248-42C2-9ABA-DD04CBC60FE2}.Release|x86.Build.0 = Release|Any CPU
	EndGlobalSection
	GlobalSection(SolutionProperties) = preSolution
		HideSolutionNode = FALSE
	EndGlobalSection
	GlobalSection(NestedProjects) = preSolution
		{232F50E7-EBBA-47A9-BF4D-1E14E03048AD} = {827E0CD3-B72D-47B6-A68D-7590B98EB39B}
		{9327474D-B8D1-4D43-A99D-4EA419297D72} = {827E0CD3-B72D-47B6-A68D-7590B98EB39B}
		{F4664183-5146-43FC-935B-83594FA915C3} = {827E0CD3-B72D-47B6-A68D-7590B98EB39B}
		{1C30C495-BB81-48C8-96A2-8FF4AE0F1E8A} = {827E0CD3-B72D-47B6-A68D-7590B98EB39B}
		{7189A16E-ABF3-47AA-9D12-B0E2F726BBEF} = {0AB3BF05-4346-4AA6-1389-037BE0695223}
		{C12B45EF-10C6-4C4C-B296-01CBC9AA3596} = {827E0CD3-B72D-47B6-A68D-7590B98EB39B}
		{37A0FC0A-EF39-4C56-9AB2-1FF0C7F680E8} = {827E0CD3-B72D-47B6-A68D-7590B98EB39B}
		{F2213F8C-0248-42C2-9ABA-DD04CBC60FE2} = {827E0CD3-B72D-47B6-A68D-7590B98EB39B}
	EndGlobalSection
EndGlobal
